{
  "name": "routeplanner",
  "version": "1.0.0",
  "lockfileVersion": 3,
  "requires": true,
  "packages": {
    "": {
      "name": "routeplanner",
      "version": "1.0.0",
      "license": "ISC",
      "dependencies": {
        "bulma": "^0.9.4",
        "bulma-slider": "^2.0.5"
      }
    },
    "node_modules/bulma": {
      "version": "0.9.4",
      "resolved": "https://registry.npmjs.org/bulma/-/bulma-0.9.4.tgz",
      "integrity": "sha512-86FlT5+1GrsgKbPLRRY7cGDg8fsJiP/jzTqXXVqiUZZ2aZT8uemEOHlU1CDU+TxklPEZ11HZNNWclRBBecP4CQ=="
    },
    "node_modules/bulma-slider": {
      "version": "2.0.5",
      "resolved": "https://registry.npmjs.org/bulma-slider/-/bulma-slider-2.0.5.tgz",
      "integrity": "sha512-6woD/1E7q1o5bfEaQjNqpWZaCItC1oHe9bN15WYB2ELqz2gDaJYZkf+rlozGpAYOXQGDQGCCv3y+QuKjx6sQuw=="
    }
  }
}
